{
  "nodes": {
    "ai-assistant-instructions": {
      "flake": false,
      "locked": {
        "lastModified": 1784828223,
        "narHash": "sha256-N+NeesSxWA5Vb2yaWlskXYAVEuIsJ+A2voFO9jGHMkk=",
        "owner": "dryvist",
        "repo": "ai-assistant-instructions",
        "rev": "889e396cb04c09d279c4129fd987ac53cfc717f5",
        "type": "github"
      },
      "original": {
        "owner": "dryvist",
        "repo": "ai-assistant-instructions",
        "type": "github"
      }
    },
    "ai-llm-prompts": {
      "inputs": {
        "nixpkgs": [
          "nixpkgs"
        ]
      },
      "locked": {
        "lastModified": 1784919254,
        "narHash": "sha256-OZoGakcXVl9eplaw74w0VatuGCXqkNQFaTNBlOny2CA=",
        "owner": "dryvist",
        "repo": "ai-llm-prompts",
        "rev": "d3928e1bcbc3dfff1d6fe8431e29017f79f9aedb",
        "type": "github"
      },
      "original": {
        "owner": "dryvist",
        "repo": "ai-llm-prompts",
        "rev": "d3928e1bcbc3dfff1d6fe8431e29017f79f9aedb",
        "type": "github"
      }
    },
    "anthropic-agent-skills": {
      "flake": false,
      "locked": {
        "lastModified": 1779199866,
        "narHash": "sha256-GMXFJSePrpEvhzMQ82YI9Z10BDkuFK/lXUDELclvQ4c=",
        "owner": "anthropics",
        "repo": "skills",
        "rev": "690f15cac7f7b4c055c5ab109c79ed9259934081",
        "type": "github"
      },
      "original": {
        "owner": "anthropics",
        "repo": "skills",
        "type": "github"
      }
    },
    "autoresearch": {
      "flake": false,
      "locked": {
        "lastModified": 1782200080,
        "narHash": "sha256-nrV6ZUo6Q7p2tzGWCLurur4X8QXuZfOu5ioOZTyaqNQ=",
        "owner": "uditgoenka",
        "repo": "autoresearch",
        "rev": "870e9b8eca4fbe53cd6cb1247410373692e4aec3",
        "type": "github"
      },
      "original": {
        "owner": "uditgoenka",
        "repo": "autoresearch",
        "type": "github"
      }
    },
    "axton-obsidian-visual-skills": {
      "flake": false,
      "locked": {
        "lastModified": 1770862721,
        "narHash": "sha256-28hLlKPifZ0GT3vc3eYuIN0C2DQm6vtZhJIKEomRp0M=",
        "owner": "axtonliu",
        "repo": "axton-obsidian-visual-skills",
        "rev": "1265976d9746a84858b4b7b42fb86a215aa93de9",
        "type": "github"
      },
      "original": {
        "owner": "axtonliu",
        "repo": "axton-obsidian-visual-skills",
        "type": "github"
      }
    },
    "bills-claude-skills": {
      "flake": false,
      "locked": {
        "lastModified": 1772306604,
        "narHash": "sha256-PyQSIuAzLXuah9qvfXSiiXedprtwvq/d7rzaAan7xTA=",
        "owner": "BillChirico",
        "repo": "bills-claude-skills",
        "rev": "3a7e65e88949e3f98a75ea296b53e478e2b5995c",
        "type": "github"
      },
      "original": {
        "owner": "BillChirico",
        "repo": "bills-claude-skills",
        "type": "github"
      }
    },
    "bitwarden-marketplace": {
      "flake": false,
      "locked": {
        "lastModified": 1779222438,
        "narHash": "sha256-j2Job6LH/j/r/7HjJgu/XZXoJM7PPExXan1TYtdjLa0=",
        "owner": "bitwarden",
        "repo": "ai-plugins",
        "rev": "dacfbfaa83a454d40a42558ccef7783d6ec70be8",
        "type": "github"
      },
      "original": {
        "owner": "bitwarden",
        "repo": "ai-plugins",
        "type": "github"
      }
    },
    "blueprint": {
      "inputs": {
        "nixpkgs": [
          "nix-ai-open-harness",
          "nix-ai-tools",
          "nixpkgs"
        ],
        "systems": [
          "nix-ai-open-harness",
          "nix-ai-tools",
          "systems"
        ]
      },
      "locked": {
        "lastModified": 1776249299,
        "narHash": "sha256-Dt9t1TGRmJFc0xVYhttNBD6QsAgHOHCArqGa0AyjrJY=",
        "owner": "numtide",
        "repo": "blueprint",
        "rev": "56131e8628f173d24a27f6d27c0215eff57e40dd",
        "type": "github"
      },
      "original": {
        "owner": "numtide",
        "repo": "blueprint",
        "type": "github"
      }
    },
    "brew-src": {
      "flake": false,
      "locked": {
        "lastModified": 1781226006,
        "narHash": "sha256-w4ZTuOnhYiDxjaynrMTASzp802QblBWmo3wpB8wVN4Y=",
        "owner": "Homebrew",
        "repo": "brew",
        "rev": "109191be4988470b51a60a5ef1998520aa24c01b",
        "type": "github"
      },
      "original": {
        "owner": "Homebrew",
        "ref": "6.0.1",
        "repo": "brew",
        "type": "github"
      }
    },
    "browser-use-skills": {
      "flake": false,
      "locked": {
        "lastModified": 1779564354,
        "narHash": "sha256-ChZBjEkQbiONTkp6qB7ONrFNEmlkVLJeTP78xzEuVGs=",
        "owner": "browser-use",
        "repo": "browser-use",
        "rev": "d21b3da4ac9c341d66ee064264abda67af36eab3",
        "type": "github"
      },
      "original": {
        "owner": "browser-use",
        "repo": "browser-use",
        "type": "github"
      }
    },
    "bun2nix": {
      "inputs": {
        "flake-parts": [
          "nix-ai-open-harness",
          "nix-ai-tools",
          "flake-parts"
        ],
        "nixpkgs": [
          "nix-ai-open-harness",
          "nix-ai-tools",
          "nixpkgs"
        ],
        "systems": [
          "nix-ai-open-harness",
          "nix-ai-tools",
          "systems"
        ],
        "treefmt-nix": [
          "nix-ai-open-harness",
          "nix-ai-tools",
          "treefmt-nix"
        ]
      },
      "locked": {
        "lastModified": 1782772816,
        "narHash": "sha256-s9BuFv0mRuZx9C1MF8qPHRdcAK14ONi0A5m6E2wqOoM=",
        "owner": "nix-community",
        "repo": "bun2nix",
        "rev": "5a39d717029e94163ac223aee8d5c9946cafed1c",
        "type": "github"
      },
      "original": {
        "owner": "nix-community",
        "repo": "bun2nix",
        "type": "github"
      }
    },
    "cc-dev-tools": {
      "flake": false,
      "locked": {
        "lastModified": 1777301179,
        "narHash": "sha256-mLJftGTU06SLQ98g2yqYdNAWj2OPwjxNhuvDnITr9vM=",
        "owner": "Lucklyric",
        "repo": "cc-dev-tools",
        "rev": "4503ef2ee3ee6ac5dcf58aea1ffe1148c81b9c87",
        "type": "github"
      },
      "original": {
        "owner": "Lucklyric",
        "repo": "cc-dev-tools",
        "type": "github"
      }
    },
    "cc-marketplace": {
      "flake": false,
      "locked": {
        "lastModified": 1768758615,
        "narHash": "sha256-BnH8+reZQRy4st+5zwA1EEDLIc2nVIp8CVBizUIkjXo=",
        "owner": "ananddtyagi",
        "repo": "cc-marketplace",
        "rev": "b643305146890bda9b2e694d2c42206ae4d0a4df",
        "type": "github"
      },
      "original": {
        "owner": "ananddtyagi",
        "repo": "cc-marketplace",
        "type": "github"
      }
    },
    "claude-code-plugins": {
      "flake": false,
      "locked": {
        "lastModified": 1783731124,
        "narHash": "sha256-fVtZ5SpQO75FKHgRXWQwImFoCg5pwRWbrzkIQ7RDQPY=",
        "owner": "anthropics",
        "repo": "claude-code",
        "rev": "d4d8fbbb333c627d8fe2c1c583a5ccc26fdb1aed",
        "type": "github"
      },
      "original": {
        "owner": "anthropics",
        "repo": "claude-code",
        "type": "github"
      }
    },
    "claude-code-plugins-plus": {
      "flake": false,
      "locked": {
        "lastModified": 1779647122,
        "narHash": "sha256-Bf/Bg/9jT6ss11Q047Kl7UOgZiqlJZN5SBPVV6vifOY=",
        "owner": "jeremylongshore",
        "repo": "claude-code-plugins-plus",
        "rev": "b45503d85d070035da0e9d21eb23565b840148f4",
        "type": "github"
      },
      "original": {
        "owner": "jeremylongshore",
        "repo": "claude-code-plugins-plus",
        "type": "github"
      }
    },
    "claude-code-workflows": {
      "flake": false,
      "locked": {
        "lastModified": 1779666935,
        "narHash": "sha256-QjsgSRy+7r2LXT2AQIHZX95Ti1flNKmAAYxsfiiypRw=",
        "owner": "wshobson",
        "repo": "agents",
        "rev": "8df77ecd46ae10c3373e6a4b91b29859ef6b560d",
        "type": "github"
      },
      "original": {
        "owner": "wshobson",
        "repo": "agents",
        "type": "github"
      }
    },
    "claude-cookbooks": {
      "flake": false,
      "locked": {
        "lastModified": 1779659099,
        "narHash": "sha256-ExC1ZFhhf7+74syQK96PZ7yYf0kyY756SJZZXXkacms=",
        "owner": "anthropics",
        "repo": "claude-cookbooks",
        "rev": "3c30b020594de29a7f24ee579c511ac3ac45fb6a",
        "type": "github"
      },
      "original": {
        "owner": "anthropics",
        "repo": "claude-cookbooks",
        "type": "github"
      }
    },
    "claude-plugins-official": {
      "flake": false,
      "locked": {
        "lastModified": 1779659326,
        "narHash": "sha256-zKNCeUQoCVZaJfP+eVmFD9G6du8Iu8p7TZPBcdF3ujs=",
        "owner": "anthropics",
        "repo": "claude-plugins-official",
        "rev": "1b527e2ee74e6dbd198e22cd41701c3b6f47dfec",
        "type": "github"
      },
      "original": {
        "owner": "anthropics",
        "repo": "claude-plugins-official",
        "type": "github"
      }
    },
    "claude-skills": {
      "flake": false,
      "locked": {
        "lastModified": 1778765226,
        "narHash": "sha256-fkE535x4714uhlg2p3rPiasnUE8bTyfPXKzFfPBao+w=",
        "owner": "secondsky",
        "repo": "claude-skills",
        "rev": "5e92b7170451adf347b8719ee984e147f3eabbea",
        "type": "github"
      },
      "original": {
        "owner": "secondsky",
        "repo": "claude-skills",
        "type": "github"
      }
    },
    "darwin": {
      "inputs": {
        "nixpkgs": [
          "nixpkgs"
        ]
      },
      "locked": {
        "lastModified": 1781772065,
        "narHash": "sha256-xIbRSwDB1GBAUsWsQZUjudGfAGQt3BOpsWaO/ugVa4w=",
        "owner": "nix-darwin",
        "repo": "nix-darwin",
        "rev": "adda04f0bf4819575b1978c2f8d78401b3c2be12",
        "type": "github"
      },
      "original": {
        "owner": "nix-darwin",
        "ref": "nix-darwin-26.05",
        "repo": "nix-darwin",
        "type": "github"
      }
    },
    "dashmotion": {
      "flake": false,
      "locked": {
        "lastModified": 1781614569,
        "narHash": "sha256-rHiKaUm5sKSch5XR78lxAP4cxKLIh+Xdh6lodsRXDs4=",
        "owner": "csthink",
        "repo": "dashmotion",
        "rev": "ae2fe4f28c60caa53da8b15fa3537f4ea576f4ad",
        "type": "github"
      },
      "original": {
        "owner": "csthink",
        "repo": "dashmotion",
        "type": "github"
      }
    },
    "determinate": {
      "inputs": {
        "determinate-nixd-aarch64-darwin": "determinate-nixd-aarch64-darwin",
        "determinate-nixd-aarch64-linux": "determinate-nixd-aarch64-linux",
        "determinate-nixd-x86_64-linux": "determinate-nixd-x86_64-linux",
        "nix": "nix",
        "nixpkgs": "nixpkgs_2"
      },
      "locked": {
        "lastModified": 1781815324,
        "narHash": "sha256-5pDiPOe2tLKDOH59TkzP3MNiCCCbGxw3giDyRrSdP4E=",
        "rev": "fdef7e382e042b1fe418f65770c3acda5933b155",
        "revCount": 422,
        "type": "tarball",
        "url": "https://api.flakehub.com/f/pinned/DeterminateSystems/determinate/3.21.2/019edc7b-7758-7223-a52e-d8a340361a73/source.tar.gz"
      },
      "original": {
        "type": "tarball",
        "url": "https://flakehub.com/f/DeterminateSystems/determinate/3"
      }
    },
    "determinate-nixd-aarch64-darwin": {
      "flake": false,
      "locked": {
        "narHash": "sha256-pQ7YeoB96bBl3iJGRdUWjdOFwahPUMwNN1yl9fwJufY=",
        "type": "file",
        "url": "https://install.determinate.systems/determinate-nixd/tag/v3.21.2/macOS"
      },
      "original": {
        "type": "file",
        "url": "https://install.determinate.systems/determinate-nixd/tag/v3.21.2/macOS"
      }
    },
    "determinate-nixd-aarch64-linux": {
      "flake": false,
      "locked": {
        "narHash": "sha256-t6Tc358tx16GFely1je18dmrfB8Wv1FkV6nRnU7ITYY=",
        "type": "file",
        "url": "https://install.determinate.systems/determinate-nixd/tag/v3.21.2/aarch64-linux"
      },
      "original": {
        "type": "file",
        "url": "https://install.determinate.systems/determinate-nixd/tag/v3.21.2/aarch64-linux"
      }
    },
    "determinate-nixd-x86_64-linux": {
      "flake": false,
      "locked": {
        "narHash": "sha256-M5e/05UlhljIuqS2ZMozD3OJ2MTTYol9SxQwqrzJdkk=",
        "type": "file",
        "url": "https://install.determinate.systems/determinate-nixd/tag/v3.21.2/x86_64-linux"
      },
      "original": {
        "type": "file",
        "url": "https://install.determinate.systems/determinate-nixd/tag/v3.21.2/x86_64-linux"
      }
    },
    "dotgithub": {
      "flake": false,
      "locked": {
        "lastModified": 1783127397,
        "narHash": "sha256-0XMLKQwyZZTIx8AWLqNlz2XMgMqdW2W8cHNANYmwAqI=",
        "owner": "dryvist",
        "repo": ".github",
        "rev": "d5a050761d00ba0f3faffa4ad84c4615ad0a142e",
        "type": "github"
      },
      "original": {
        "owner": "dryvist",
        "repo": ".github",
        "type": "github"
      }
    },
    "dryvist-github": {
      "inputs": {
        "git-hooks": "git-hooks",
        "nixpkgs": [
          "nix-ai",
          "nix-claude-code",
          "nixpkgs"
        ],
        "treefmt-nix": "treefmt-nix"
      },
      "locked": {
        "lastModified": 1780244578,
        "narHash": "sha256-wsNxWB6MfwFXBgHXxvByqWwDB2OgN4fBUaJ0YgbEGXU=",
        "owner": "dryvist",
        "repo": ".github",
        "rev": "de34cfea46962c8abee3878005ed120731c4c45a",
        "type": "github"
      },
      "original": {
        "owner": "dryvist",
        "repo": ".github",
        "type": "github"
      }
    },
    "dryvist-github_2": {
      "inputs": {
        "git-hooks": "git-hooks_2",
        "nixpkgs": [
          "nix-ai-open-harness",
          "nixpkgs"
        ],
        "treefmt-nix": "treefmt-nix_2"
      },
      "locked": {
        "lastModified": 1783187911,
        "narHash": "sha256-8l412ghjDfCfTizwf4KEHPYYajnpofYsklqftmOTXmg=",
        "owner": "dryvist",
        "repo": ".github",
        "rev": "6cc1827f36eaebbf52ed6b1e5d7c3c5f49580641",
        "type": "github"
      },
      "original": {
        "owner": "dryvist",
        "repo": ".github",
        "type": "github"
      }
    },
    "fabric-src": {
      "flake": false,
      "locked": {
        "lastModified": 1781042236,
        "narHash": "sha256-folZ+Y5l76SKo65RJAK7kZX6DJ/AL+iLkcV8NX+1DTA=",
        "owner": "danielmiessler",
        "repo": "fabric",
        "rev": "a420eaf63c532094eb12bc90c91a227401e96c31",
        "type": "github"
      },
      "original": {
        "owner": "danielmiessler",
        "ref": "v1.4.455",
        "repo": "fabric",
        "type": "github"
      }
    },
    "flake-compat": {
      "flake": false,
      "locked": {
        "lastModified": 1696426674,
        "narHash": "sha256-kvjfFW7WAETZlt09AgDn1MrtKzP7t90Vf7vypd3OL1U=",
        "owner": "edolstra",
        "repo": "flake-compat",
        "rev": "0f9255e01c2351cc7d116c072cb317785dd33b33",
        "type": "github"
      },
      "original": {
        "owner": "edolstra",
        "repo": "flake-compat",
        "type": "github"
      }
    },
    "flake-compat_2": {
      "flake": false,
      "locked": {
        "lastModified": 1767039857,
        "narHash": "sha256-vNpUSpF5Nuw8xvDLj2KCwwksIbjua2LZCqhV1LNRDns=",
        "owner": "NixOS",
        "repo": "flake-compat",
        "rev": "5edf11c44bc78a0d334f6334cdaf7d60d732daab",
        "type": "github"
      },
      "original": {
        "owner": "NixOS",
        "repo": "flake-compat",
        "type": "github"
      }
    },
    "flake-compat_3": {
      "flake": false,
      "locked": {
        "lastModified": 1767039857,
        "narHash": "sha256-vNpUSpF5Nuw8xvDLj2KCwwksIbjua2LZCqhV1LNRDns=",
        "owner": "NixOS",
        "repo": "flake-compat",
        "rev": "5edf11c44bc78a0d334f6334cdaf7d60d732daab",
        "type": "github"
      },
      "original": {
        "owner": "NixOS",
        "repo": "flake-compat",
        "type": "github"
      }
    },
    "flake-parts": {
      "inputs": {
        "nixpkgs-lib": [
          "determinate",
          "nix",
          "nixpkgs"
        ]
      },
      "locked": {
        "lastModified": 1748821116,
        "narHash": "sha256-F82+gS044J1APL0n4hH50GYdPRv/5JWm34oCJYmVKdE=",
        "rev": "49f0870db23e8c1ca0b5259734a02cd9e1e371a1",
        "revCount": 377,
        "type": "tarball",
        "url": "https://api.flakehub.com/f/pinned/hercules-ci/flake-parts/0.1.377%2Brev-49f0870db23e8c1ca0b5259734a02cd9e1e371a1/01972f28-554a-73f8-91f4-d488cc502f08/source.tar.gz"
      },
      "original": {
        "type": "tarball",
        "url": "https://flakehub.com/f/hercules-ci/flake-parts/0.1"
      }
    },
    "flake-parts_2": {
      "inputs": {
        "nixpkgs-lib": [
          "nix-ai",
          "nix-claude-code",
          "nixpkgs"
        ]
      },
      "locked": {
        "lastModified": 1778716662,
        "narHash": "sha256-m1Yf0wZ8j1OHjTc2UwHwyQRSnNeSgLJOd7q5Y45hzi4=",
        "owner": "hercules-ci",
        "repo": "flake-parts",
        "rev": "f7c1a2d347e4c52d5fb8d10cb4d94b5884e546fb",
        "type": "github"
      },
      "original": {
        "owner": "hercules-ci",
        "repo": "flake-parts",
        "type": "github"
      }
    },
    "flake-parts_3": {
      "inputs": {
        "nixpkgs-lib": [
          "nix-ai-open-harness",
          "nixpkgs"
        ]
      },
      "locked": {
        "lastModified": 1782949081,
        "narHash": "sha256-vp6Y/Grm98ESt6ceOkWiHWyZRDV3J1RID4w+6NWK9yA=",
        "owner": "hercules-ci",
        "repo": "flake-parts",
        "rev": "17c9d6cdfc60c64f4ee8d306f9bc0b4ccb51481e",
        "type": "github"
      },
      "original": {
        "owner": "hercules-ci",
        "repo": "flake-parts",
        "type": "github"
      }
    },
    "flake-parts_4": {
      "inputs": {
        "nixpkgs-lib": [
          "nix-ai-open-harness",
          "nix-ai-tools",
          "nixpkgs"
        ]
      },
      "locked": {
        "lastModified": 1782949081,
        "narHash": "sha256-vp6Y/Grm98ESt6ceOkWiHWyZRDV3J1RID4w+6NWK9yA=",
        "owner": "hercules-ci",
        "repo": "flake-parts",
        "rev": "17c9d6cdfc60c64f4ee8d306f9bc0b4ccb51481e",
        "type": "github"
      },
      "original": {
        "owner": "hercules-ci",
        "repo": "flake-parts",
        "type": "github"
      }
    },
    "git-hooks": {
      "inputs": {
        "flake-compat": "flake-compat_2",
        "gitignore": "gitignore",
        "nixpkgs": [
          "nix-ai",
          "nix-claude-code",
          "dryvist-github",
          "nixpkgs"
        ]
      },
      "locked": {
        "lastModified": 1778507602,
        "narHash": "sha256-kTwur1wV+01SdqskVMSo6JMEpg71ps3HpbFY2GsflKs=",
        "owner": "cachix",
        "repo": "git-hooks.nix",
        "rev": "61ab0e80d9c7ab14c256b5b453d8b3fb0189ba0a",
        "type": "github"
      },
      "original": {
        "owner": "cachix",
        "repo": "git-hooks.nix",
        "type": "github"
      }
    },
    "git-hooks-nix": {
      "inputs": {
        "flake-compat": "flake-compat",
        "gitignore": [
          "determinate",
          "nix"
        ],
        "nixpkgs": [
          "determinate",
          "nix",
          "nixpkgs"
        ]
      },
      "locked": {
        "lastModified": 1747372754,
        "narHash": "sha256-2Y53NGIX2vxfie1rOW0Qb86vjRZ7ngizoo+bnXU9D9k=",
        "rev": "80479b6ec16fefd9c1db3ea13aeb038c60530f46",
        "revCount": 1026,
        "type": "tarball",
        "url": "https://api.flakehub.com/f/pinned/cachix/git-hooks.nix/0.1.1026%2Brev-80479b6ec16fefd9c1db3ea13aeb038c60530f46/0196d79a-1b35-7b8e-a021-c894fb62163d/source.tar.gz"
      },
      "original": {
        "type": "tarball",
        "url": "https://flakehub.com/f/cachix/git-hooks.nix/0.1.941"
      }
    },
    "git-hooks_2": {
      "inputs": {
        "flake-compat": "flake-compat_3",
        "gitignore": "gitignore_2",
        "nixpkgs": [
          "nix-ai-open-harness",
          "dryvist-github",
          "nixpkgs"
        ]
      },
      "locked": {
        "lastModified": 1778507602,
        "narHash": "sha256-kTwur1wV+01SdqskVMSo6JMEpg71ps3HpbFY2GsflKs=",
        "owner": "cachix",
        "repo": "git-hooks.nix",
        "rev": "61ab0e80d9c7ab14c256b5b453d8b3fb0189ba0a",
        "type": "github"
      },
      "original": {
        "owner": "cachix",
        "repo": "git-hooks.nix",
        "type": "github"
      }
    },
    "gitignore": {
      "inputs": {
        "nixpkgs": [
          "nix-ai",
          "nix-claude-code",
          "dryvist-github",
          "git-hooks",
          "nixpkgs"
        ]
      },
      "locked": {
        "lastModified": 1709087332,
        "narHash": "sha256-HG2cCnktfHsKV0s4XW83gU3F57gaTljL9KNSuG6bnQs=",
        "owner": "hercules-ci",
        "repo": "gitignore.nix",
        "rev": "637db329424fd7e46cf4185293b9cc8c88c95394",
        "type": "github"
      },
      "original": {
        "owner": "hercules-ci",
        "repo": "gitignore.nix",
        "type": "github"
      }
    },
    "gitignore_2": {
      "inputs": {
        "nixpkgs": [
          "nix-ai-open-harness",
          "dryvist-github",
          "git-hooks",
          "nixpkgs"
        ]
      },
      "locked": {
        "lastModified": 1709087332,
        "narHash": "sha256-HG2cCnktfHsKV0s4XW83gU3F57gaTljL9KNSuG6bnQs=",
        "owner": "hercules-ci",
        "repo": "gitignore.nix",
        "rev": "637db329424fd7e46cf4185293b9cc8c88c95394",
        "type": "github"
      },
      "original": {
        "owner": "hercules-ci",
        "repo": "gitignore.nix",
        "type": "github"
      }
    },
    "home-manager": {
      "inputs": {
        "nixpkgs": [
          "nixpkgs"
        ]
      },
      "locked": {
        "lastModified": 1782704057,
        "narHash": "sha256-G1I1gd32F7mp9LAe1DaZ4ZL7NX5gyiKwdCMwro1Vrck=",
        "owner": "nix-community",
        "repo": "home-manager",
        "rev": "868d0a692de703c2de98fab61968e4e310b7c28e",
        "type": "github"
      },
      "original": {
        "owner": "nix-community",
        "ref": "release-26.05",
        "repo": "home-manager",
        "type": "github"
      }
    },
    "huggingface-skills": {
      "flake": false,
      "locked": {
        "lastModified": 1779366435,
        "narHash": "sha256-cxE620PeDYvy01TWJ4MQmMYoLaNujB2qq2lIZRHbBls=",
        "owner": "huggingface",
        "repo": "skills",
        "rev": "6592035ef09a74249f2d60083c6a178960d267c6",
        "type": "github"
      },
      "original": {
        "owner": "huggingface",
        "repo": "skills",
        "type": "github"
      }
    },
    "jacobpevans-cc-plugins": {
      "flake": false,
      "locked": {
        "lastModified": 1784406832,
        "narHash": "sha256-5w6WDjGLXrQTUi7qPC+YEaARipcAlSB3ToUqzNSXMtk=",
        "owner": "dryvist",
        "repo": "claude-code-plugins",
        "rev": "df391a808beadafed5ae57500c3c12da3f6bac75",
        "type": "github"
      },
      "original": {
        "owner": "dryvist",
        "repo": "claude-code-plugins",
        "type": "github"
      }
    },
    "karpathy-skills": {
      "flake": false,
      "locked": {
        "lastModified": 1776679504,
        "narHash": "sha256-4z/wRdYH7UXRzF8RJU0sw8xbpx0BW/7CBv5sVEC2knY=",
        "owner": "forrestchang",
        "repo": "andrej-karpathy-skills",
        "rev": "2c606141936f1eeef17fa3043a72095b4765b9c2",
        "type": "github"
      },
      "original": {
        "owner": "forrestchang",
        "repo": "andrej-karpathy-skills",
        "type": "github"
      }
    },
    "karpathy-skills_2": {
      "flake": false,
      "locked": {
        "lastModified": 1776679504,
        "narHash": "sha256-4z/wRdYH7UXRzF8RJU0sw8xbpx0BW/7CBv5sVEC2knY=",
        "owner": "forrestchang",
        "repo": "andrej-karpathy-skills",
        "rev": "2c606141936f1eeef17fa3043a72095b4765b9c2",
        "type": "github"
      },
      "original": {
        "owner": "forrestchang",
        "repo": "andrej-karpathy-skills",
        "type": "github"
      }
    },
    "last30days-skill": {
      "flake": false,
      "locked": {
        "lastModified": 1783143644,
        "narHash": "sha256-F2MLVi80uObf8TqhLvVFinMKgpRfy56OOHqRCBuCgHQ=",
        "owner": "mvanhorn",
        "repo": "last30days-skill",
        "rev": "6318f7449ed77d096b33b561d0efcb339a8ba901",
        "type": "github"
      },
      "original": {
        "owner": "mvanhorn",
        "repo": "last30days-skill",
        "type": "github"
      }
    },
    "lunar-claude": {
      "flake": false,
      "locked": {
        "lastModified": 1779127581,
        "narHash": "sha256-vVuusVSjnxxYXG1b59R6wDr/H1XycCza+UMCgxt+SOw=",
        "owner": "basher83",
        "repo": "lunar-claude",
        "rev": "6e38da2b65467ca16203e8e1f451fd804f7780de",
        "type": "github"
      },
      "original": {
        "owner": "basher83",
        "repo": "lunar-claude",
        "type": "github"
      }
    },
    "nix": {
      "inputs": {
        "flake-parts": "flake-parts",
        "git-hooks-nix": "git-hooks-nix",
        "nixpkgs": "nixpkgs",
        "nixpkgs-23-11": "nixpkgs-23-11",
        "nixpkgs-regression": "nixpkgs-regression"
      },
      "locked": {
        "lastModified": 1780939209,
        "narHash": "sha256-/JuW5C6sWuC836Y9b7hga3ZvhRiY4k4Zs73RRg5KVWM=",
        "rev": "952beffe9c45ed245d30209d4f17cf1d26654a2a",
        "revCount": 26044,
        "type": "tarball",
        "url": "https://api.flakehub.com/f/pinned/DeterminateSystems/nix-src/3.21.1/019ea860-2acd-7680-ae61-10f9574b2694/source.tar.gz"
      },
      "original": {
        "type": "tarball",
        "url": "https://flakehub.com/f/DeterminateSystems/nix-src/%2A"
      }
    },
    "nix-ai": {
      "inputs": {
        "ai-assistant-instructions": [
          "ai-assistant-instructions"
        ],
        "ai-llm-prompts": [
          "ai-llm-prompts"
        ],
        "autoresearch": "autoresearch",
        "claude-code-plugins": [
          "claude-code-plugins"
        ],
        "dashmotion": "dashmotion",
        "fabric-src": "fabric-src",
        "home-manager": [
          "home-manager"
        ],
        "jacobpevans-cc-plugins": [
          "jacobpevans-cc-plugins"
        ],
        "karpathy-skills": "karpathy-skills",
        "last30days-skill": "last30days-skill",
        "nix-claude-code": "nix-claude-code",
        "nixpkgs": [
          "nixpkgs"
        ],
        "nixpkgs-unstable": "nixpkgs-unstable",
        "ponytail": "ponytail"
      },
      "locked": {
        "lastModified": 1784994727,
        "narHash": "sha256-kYEO48n0H11PZ+MerPqNJ6PFQ8qO25pd0OTOJTYkcEs=",
        "owner": "dryvist",
        "repo": "nix-ai",
        "rev": "266e6ab533003a916ae7e6e7ba39e4fdac003092",
        "type": "github"
      },
      "original": {
        "owner": "dryvist",
        "repo": "nix-ai",
        "type": "github"
      }
    },
    "nix-ai-open-harness": {
      "inputs": {
        "dryvist-github": "dryvist-github_2",
        "flake-parts": "flake-parts_3",
        "home-manager": [
          "home-manager"
        ],
        "nix-ai-tools": "nix-ai-tools",
        "nixpkgs": [
          "nixpkgs"
        ]
      },
      "locked": {
        "lastModified": 1783643909,
        "narHash": "sha256-1jjabjQ7oDd0tW2MPqlzJsJwdnkJaXcEsREv+Sq7Ryw=",
        "owner": "dryvist",
        "repo": "nix-ai-open-harness",
        "rev": "83c63ca64093dc31d3ed956a13e441b3a2fba89e",
        "type": "github"
      },
      "original": {
        "owner": "dryvist",
        "repo": "nix-ai-open-harness",
        "type": "github"
      }
    },
    "nix-ai-tools": {
      "inputs": {
        "blueprint": "blueprint",
        "bun2nix": "bun2nix",
        "flake-parts": "flake-parts_4",
        "nixpkgs": [
          "nix-ai-open-harness",
          "nixpkgs"
        ],
        "systems": "systems",
        "treefmt-nix": "treefmt-nix_3"
      },
      "locked": {
        "lastModified": 1783243767,
        "narHash": "sha256-iiQL/IHgQlmnZgKgs4wBOiDA9+S3tRFsQPRxtYIhUYo=",
        "owner": "numtide",
        "repo": "nix-ai-tools",
        "rev": "22f1080fb54a217bdda6cfd6eca5dbf9e7afddac",
        "type": "github"
      },
      "original": {
        "owner": "numtide",
        "repo": "nix-ai-tools",
        "type": "github"
      }
    },
    "nix-claude-code": {
      "inputs": {
        "ai-assistant-instructions": [
          "nix-ai",
          "ai-assistant-instructions"
        ],
        "anthropic-agent-skills": "anthropic-agent-skills",
        "axton-obsidian-visual-skills": "axton-obsidian-visual-skills",
        "bills-claude-skills": "bills-claude-skills",
        "bitwarden-marketplace": "bitwarden-marketplace",
        "browser-use-skills": "browser-use-skills",
        "cc-dev-tools": "cc-dev-tools",
        "cc-marketplace": "cc-marketplace",
        "claude-code-plugins": [
          "nix-ai",
          "claude-code-plugins"
        ],
        "claude-code-plugins-plus": "claude-code-plugins-plus",
        "claude-code-workflows": "claude-code-workflows",
        "claude-cookbooks": "claude-cookbooks",
        "claude-plugins-official": "claude-plugins-official",
        "claude-skills": "claude-skills",
        "dryvist-github": "dryvist-github",
        "fabric-src": [
          "nix-ai",
          "fabric-src"
        ],
        "flake-parts": "flake-parts_2",
        "home-manager": [
          "nix-ai",
          "home-manager"
        ],
        "huggingface-skills": "huggingface-skills",
        "jacobpevans-cc-plugins": [
          "nix-ai",
          "jacobpevans-cc-plugins"
        ],
        "karpathy-skills": "karpathy-skills_2",
        "lunar-claude": "lunar-claude",
        "nixpkgs": [
          "nix-ai",
          "nixpkgs"
        ],
        "obsidian-skills": "obsidian-skills",
        "openai-codex": "openai-codex",
        "superpowers-marketplace": "superpowers-marketplace",
        "vct-cribl-pack-validator-skills": "vct-cribl-pack-validator-skills",
        "visual-explainer-marketplace": "visual-explainer-marketplace",
        "wakatime": "wakatime"
      },
      "locked": {
        "lastModified": 1783966074,
        "narHash": "sha256-1s/OyTEQS566RL4+Hwrf+I6HzYkRTb/HefHxhYfinew=",
        "owner": "dryvist",
        "repo": "nix-claude-code",
        "rev": "7b2bfdfc37745f58404b82054071f0686e74370c",
        "type": "github"
      },
      "original": {
        "owner": "dryvist",
        "repo": "nix-claude-code",
        "type": "github"
      }
    },
    "nix-home": {
      "inputs": {
        "home-manager": [
          "home-manager"
        ],
        "nixpkgs": [
          "nixpkgs"
        ],
        "nixpkgs-unstable": "nixpkgs-unstable_2",
        "orbstack-kubernetes": "orbstack-kubernetes"
      },
      "locked": {
        "lastModified": 1784557924,
        "narHash": "sha256-AwxKnqbu8TGV5B1Tsp4W9bg5NS3swrnPoFiYvFY3Je8=",
        "owner": "dryvist",
        "repo": "nix-home",
        "rev": "e8cc0fe041ce11eb5e56a40172e4b29858ee51da",
        "type": "github"
      },
      "original": {
        "owner": "dryvist",
        "repo": "nix-home",
        "type": "github"
      }
    },
    "nix-homebrew": {
      "inputs": {
        "brew-src": "brew-src"
      },
      "locked": {
        "lastModified": 1781389246,
        "narHash": "sha256-ORqLAo/hoJdsZC7UPAuEHev6S0+XIqKEC7vjo5prz1k=",
        "owner": "zhaofengli",
        "repo": "nix-homebrew",
        "rev": "de7953a08ed4bb9245be043e468561c17b89130d",
        "type": "github"
      },
      "original": {
        "owner": "zhaofengli",
        "repo": "nix-homebrew",
        "type": "github"
      }
    },
    "nixpkgs": {
      "locked": {
        "lastModified": 1773222311,
        "narHash": "sha256-BHoB/XpbqoZkVYZCfXJXfkR+GXFqwb/4zbWnOr2cRcU=",
        "rev": "0590cd39f728e129122770c029970378a79d076a",
        "revCount": 909248,
        "type": "tarball",
        "url": "https://api.flakehub.com/f/pinned/NixOS/nixpkgs/0.2511.909248%2Brev-0590cd39f728e129122770c029970378a79d076a/019ce32b-8ace-7339-b129-cceaa8dd10c6/source.tar.gz"
      },
      "original": {
        "type": "tarball",
        "url": "https://flakehub.com/f/NixOS/nixpkgs/0.2511"
      }
    },
    "nixpkgs-23-11": {
      "locked": {
        "lastModified": 1717159533,
        "narHash": "sha256-oamiKNfr2MS6yH64rUn99mIZjc45nGJlj9eGth/3Xuw=",
        "owner": "NixOS",
        "repo": "nixpkgs",
        "rev": "a62e6edd6d5e1fa0329b8653c801147986f8d446",
        "type": "github"
      },
      "original": {
        "owner": "NixOS",
        "repo": "nixpkgs",
        "rev": "a62e6edd6d5e1fa0329b8653c801147986f8d446",
        "type": "github"
      }
    },
    "nixpkgs-regression": {
      "locked": {
        "lastModified": 1643052045,
        "narHash": "sha256-uGJ0VXIhWKGXxkeNnq4TvV3CIOkUJ3PAoLZ3HMzNVMw=",
        "owner": "NixOS",
        "repo": "nixpkgs",
        "rev": "215d4d0fd80ca5163643b03a33fde804a29cc1e2",
        "type": "github"
      },
      "original": {
        "owner": "NixOS",
        "repo": "nixpkgs",
        "rev": "215d4d0fd80ca5163643b03a33fde804a29cc1e2",
        "type": "github"
      }
    },
    "nixpkgs-unstable": {
      "locked": {
        "lastModified": 1782948114,
        "narHash": "sha256-AXmz9ho4Lud5CsbrZsuSVwpQZ4o5FgZ1chxBn5cJ8+0=",
        "owner": "NixOS",
        "repo": "nixpkgs",
        "rev": "9e92285f211dad236540fd617d7e30e0b99bc0e1",
        "type": "github"
      },
      "original": {
        "owner": "NixOS",
        "ref": "nixpkgs-unstable",
        "repo": "nixpkgs",
        "type": "github"
      }
    },
    "nixpkgs-unstable_2": {
      "locked": {
        "lastModified": 1779536132,
        "narHash": "sha256-q+fF42iv/geEbHfgSzy3tS0FF/EyD6XTZ98E6yxiBO8=",
        "owner": "NixOS",
        "repo": "nixpkgs",
        "rev": "3d8f0f3f72a6cd4d93d0ad13203f2ea1cb7e1456",
        "type": "github"
      },
      "original": {
        "owner": "NixOS",
        "ref": "nixpkgs-unstable",
        "repo": "nixpkgs",
        "type": "github"
      }
    },
    "nixpkgs_2": {
      "locked": {
        "lastModified": 1780930886,
        "narHash": "sha256-rppURzHviaQN131F+nLiLdGfcb0uCd9gGP0E5+iw9MI=",
        "rev": "8c3cede7ddc26bd659d2d383b5610efbd2c7a16e",
        "revCount": 1012902,
        "type": "tarball",
        "url": "https://api.flakehub.com/f/pinned/DeterminateSystems/nixpkgs-weekly/0.1.1012902%2Brev-8c3cede7ddc26bd659d2d383b5610efbd2c7a16e/019eab22-bd1e-7e40-b919-277db893c789/source.tar.gz"
      },
      "original": {
        "type": "tarball",
        "url": "https://flakehub.com/f/DeterminateSystems/nixpkgs-weekly/0.1"
      }
    },
    "nixpkgs_3": {
      "locked": {
        "lastModified": 1784517550,
        "narHash": "sha256-uH9LkreZXkpZXD0QOXBkQWnAHhlVuT0wUABFw7AN9BU=",
        "owner": "NixOS",
        "repo": "nixpkgs",
        "rev": "fca2dbd4c00c3063235e56bb91758e24fc67b7b8",
        "type": "github"
      },
      "original": {
        "owner": "NixOS",
        "ref": "nixpkgs-26.05-darwin",
        "repo": "nixpkgs",
        "type": "github"
      }
    },
    "obsidian-skills": {
      "flake": false,
      "locked": {
        "lastModified": 1779638361,
        "narHash": "sha256-KwmnZrHkl/LqMLF+P0YnIqEpL3lGa6DSRUTgqYK1fes=",
        "owner": "kepano",
        "repo": "obsidian-skills",
        "rev": "553ef99aa3306dd23f268e1ba9af752577684f69",
        "type": "github"
      },
      "original": {
        "owner": "kepano",
        "repo": "obsidian-skills",
        "type": "github"
      }
    },
    "openai-codex": {
      "flake": false,
      "locked": {
        "lastModified": 1776544913,
        "narHash": "sha256-zWddz18c3E15TPuEvjMkBkrwiFlK3ZqIG5YP5xX6ZII=",
        "owner": "openai",
        "repo": "codex-plugin-cc",
        "rev": "807e03ac9d5aa23bc395fdec8c3767500a86b3cf",
        "type": "github"
      },
      "original": {
        "owner": "openai",
        "repo": "codex-plugin-cc",
        "type": "github"
      }
    },
    "orbstack-kubernetes": {
      "flake": false,
      "locked": {
        "lastModified": 1782167557,
        "narHash": "sha256-imbmYElN/DBcOko5DD4qcUxaqr4OsZ3Euqt+C8MKF6E=",
        "owner": "dryvist",
        "repo": "orbstack-kubernetes",
        "rev": "87104576a848493682f2bdcf172e3638eebe2b7a",
        "type": "github"
      },
      "original": {
        "owner": "dryvist",
        "repo": "orbstack-kubernetes",
        "type": "github"
      }
    },
    "ponytail": {
      "flake": false,
      "locked": {
        "lastModified": 1782948630,
        "narHash": "sha256-Pn6gPg0luOO0/I3dP4DzdvFn4Z7rjrK4Bbxf+4VBiYo=",
        "owner": "DietrichGebert",
        "repo": "ponytail",
        "rev": "40e50d9e03242aa5dd53ac771950f9127362b25f",
        "type": "github"
      },
      "original": {
        "owner": "DietrichGebert",
        "repo": "ponytail",
        "type": "github"
      }
    },
    "root": {
      "inputs": {
        "ai-assistant-instructions": "ai-assistant-instructions",
        "ai-llm-prompts": "ai-llm-prompts",
        "claude-code-plugins": "claude-code-plugins",
        "darwin": "darwin",
        "determinate": "determinate",
        "dotgithub": "dotgithub",
        "home-manager": "home-manager",
        "jacobpevans-cc-plugins": "jacobpevans-cc-plugins",
        "nix-ai": "nix-ai",
        "nix-ai-open-harness": "nix-ai-open-harness",
        "nix-home": "nix-home",
        "nix-homebrew": "nix-homebrew",
        "nixpkgs": "nixpkgs_3",
        "sops-nix": "sops-nix",
        "systems": "systems_2"
      }
    },
    "sops-nix": {
      "inputs": {
        "nixpkgs": [
          "nixpkgs"
        ]
      },
      "locked": {
        "lastModified": 1783174389,
        "narHash": "sha256-aCWC8ngycU7OdJrU2+Je3qf+1a2ykuBvpPhZT/9tXMc=",
        "owner": "Mic92",
        "repo": "sops-nix",
        "rev": "f1406619a3884cd5c47992a70b8b35c9c0fcb4c9",
        "type": "github"
      },
      "original": {
        "owner": "Mic92",
        "repo": "sops-nix",
        "type": "github"
      }
    },
    "superpowers-marketplace": {
      "flake": false,
      "locked": {
        "lastModified": 1779510867,
        "narHash": "sha256-nnApq4Eu/8N+Z34JxwRmDgdje2AIG6OR1nGHRS4WBQk=",
        "owner": "obra",
        "repo": "superpowers-marketplace",
        "rev": "6be22035d873c31ca246db4f4932a1098aea46fc",
        "type": "github"
      },
      "original": {
        "owner": "obra",
        "repo": "superpowers-marketplace",
        "type": "github"
      }
    },
    "systems": {
      "locked": {
        "lastModified": 1681028828,
        "narHash": "sha256-Vy1rq5AaRuLzOxct8nz4T6wlgyUR7zLU309k9mBC768=",
        "owner": "nix-systems",
        "repo": "default",
        "rev": "da67096a3b9bf56a91d16901293e51ba5b49a27e",
        "type": "github"
      },
      "original": {
        "owner": "nix-systems",
        "repo": "default",
        "type": "github"
      }
    },
    "systems_2": {
      "locked": {
        "lastModified": 1689347925,
        "narHash": "sha256-ozenz5bFe1UUqOn7f60HRmgc01BgTGIKZ4Xl+HbocGQ=",
        "owner": "nix-systems",
        "repo": "default-darwin",
        "rev": "2235d7e6cc29ae99878133c95e9fe5e157661ffb",
        "type": "github"
      },
      "original": {
        "owner": "nix-systems",
        "repo": "default-darwin",
        "type": "github"
      }
    },
    "treefmt-nix": {
      "inputs": {
        "nixpkgs": [
          "nix-ai",
          "nix-claude-code",
          "dryvist-github",
          "nixpkgs"
        ]
      },
      "locked": {
        "lastModified": 1780220602,
        "narHash": "sha256-eynAfOmbmxJnkp7YewvCEbShNnnYJ9gLLqkzsYtBPeM=",
        "owner": "numtide",
        "repo": "treefmt-nix",
        "rev": "db947814a175b7ca6ded66e21383d938df01c227",
        "type": "github"
      },
      "original": {
        "owner": "numtide",
        "repo": "treefmt-nix",
        "type": "github"
      }
    },
    "treefmt-nix_2": {
      "inputs": {
        "nixpkgs": [
          "nix-ai-open-harness",
          "dryvist-github",
          "nixpkgs"
        ]
      },
      "locked": {
        "lastModified": 1780220602,
        "narHash": "sha256-eynAfOmbmxJnkp7YewvCEbShNnnYJ9gLLqkzsYtBPeM=",
        "owner": "numtide",
        "repo": "treefmt-nix",
        "rev": "db947814a175b7ca6ded66e21383d938df01c227",
        "type": "github"
      },
      "original": {
        "owner": "numtide",
        "repo": "treefmt-nix",
        "type": "github"
      }
    },
    "treefmt-nix_3": {
      "inputs": {
        "nixpkgs": [
          "nix-ai-open-harness",
          "nix-ai-tools",
          "nixpkgs"
        ]
      },
      "locked": {
        "lastModified": 1780220602,
        "narHash": "sha256-eynAfOmbmxJnkp7YewvCEbShNnnYJ9gLLqkzsYtBPeM=",
        "owner": "numtide",
        "repo": "treefmt-nix",
        "rev": "db947814a175b7ca6ded66e21383d938df01c227",
        "type": "github"
      },
      "original": {
        "owner": "numtide",
        "repo": "treefmt-nix",
        "type": "github"
      }
    },
    "vct-cribl-pack-validator-skills": {
      "flake": false,
      "locked": {
        "lastModified": 1774484708,
        "narHash": "sha256-cQEbj7K2HcFlL7vUVFYKsjlgZbzQqbVcAtw2QX7H4WQ=",
        "owner": "VisiCore",
        "repo": "vct-cribl-pack-validator",
        "rev": "eaf3b3f17f77faf6825c587dfdd552f8a9837926",
        "type": "github"
      },
      "original": {
        "owner": "VisiCore",
        "repo": "vct-cribl-pack-validator",
        "type": "github"
      }
    },
    "visual-explainer-marketplace": {
      "flake": false,
      "locked": {
        "lastModified": 1777310126,
        "narHash": "sha256-82RYY9txFLhj24oVyvvcXEm6F1RRyRTIXXf8vAJzeoE=",
        "owner": "nicobailon",
        "repo": "visual-explainer",
        "rev": "8f1d0e38ab0f265632a31d2fd032f7b730c98c15",
        "type": "github"
      },
      "original": {
        "owner": "nicobailon",
        "repo": "visual-explainer",
        "type": "github"
      }
    },
    "wakatime": {
      "flake": false,
      "locked": {
        "lastModified": 1778860224,
        "narHash": "sha256-zZGx6rYgVXtyhoLy7w4tDFVGioEUqpWcXVIzFN4NfAE=",
        "owner": "wakatime",
        "repo": "claude-code-wakatime",
        "rev": "3915f4ec19d4fedf2a1a2a644f1138cd72e956da",
        "type": "github"
      },
      "original": {
        "owner": "wakatime",
        "repo": "claude-code-wakatime",
        "type": "github"
      }
    }
  },
  "root": "root",
  "version": 7
}
